
Microsoft Visual Studio Solution File, Format Version 12.00
# Visual Studio Version 17
VisualStudioVersion = 17.7.34221.43
MinimumVisualStudioVersion = 10.0.40219.1
Project("{FAE04EC0-301F-11D3-BF4B-00C04F79EFBC}") = "PoderJudicial", "PoderJudicial_\PoderJudicial.csproj", "{04BA4D6D-D49B-432E-8A67-DD5CF9262570}"
EndProject
Global
	GlobalSection(SolutionConfigurationPlatforms) = preSolution
		Debug|Any CPU = Debug|Any CPU
		Release|Any CPU = Release|Any CPU
	EndGlobalSection
	GlobalSection(ProjectConfigurationPlatforms) = postSolution
		{04BA4D6D-D49B-432E-8A67-DD5CF9262570}.Debug|Any CPU.ActiveCfg = Debug|Any CPU
		{04BA4D6D-D49B-432E-8A67-DD5CF9262570}.Debug|Any CPU.Build.0 = Debug|Any CPU
		{04BA4D6D-D49B-432E-8A67-DD5CF9262570}.Release|Any CPU.ActiveCfg = Release|Any CPU
		{04BA4D6D-D49B-432E-8A67-DD5CF9262570}.Release|Any CPU.Build.0 = Release|Any CPU
	EndGlobalSection
	GlobalSection(SolutionProperties) = preSolution
		HideSolutionNode = FALSE
	EndGlobalSection
	GlobalSection(ExtensibilityGlobals) = postSolution
		SolutionGuid = {EA0B51E0-A043-4254-9981-B15C8A32A770}
	EndGlobalSection
EndGlobal
